{
  "pins" : [
    {
      "identity" : "equatable",
      "kind" : "remoteSourceControl",
      "location" : "https://github.com/ordo-one/equatable",
      "state" : {
        "revision" : "597c2bb34af0c51331eb3b5e705f942d8ee20daa",
        "version" : "1.4.1"
      }
    },
    {
      "identity" : "highlightswift",
      "kind" : "remoteSourceControl",
      "location" : "https://github.com/appstefan/highlightswift",
      "state" : {
        "revision" : "99c431b38a1444a5fd6a4978307fbbefe3a7af53"
      }
    },
    {
      "identity" : "sparkle",
      "kind" : "remoteSourceControl",
      "location" : "https://github.com/sparkle-project/Sparkle",
      "state" : {
        "revision" : "ac2def288cbff5cfc7df3ffef6abdf45b72bcb0a",
        "version" : "2.9.6"
      }
    },
    {
      "identity" : "swift-cmark",
      "kind" : "remoteSourceControl",
      "location" : "https://github.com/swiftlang/swift-cmark.git",
      "state" : {
        "revision" : "924936d0427cb25a61169739a7660230bffa6ea6",
        "version" : "0.8.0"
      }
    },
    {
      "identity" : "swift-markdown",
      "kind" : "remoteSourceControl",
      "location" : "https://github.com/swiftlang/swift-markdown.git",
      "state" : {
        "revision" : "7d9a5ce307528578dfa777d505496bd5f544ad94",
        "version" : "0.7.3"
      }
    },
    {
      "identity" : "swift-syntax",
      "kind" : "remoteSourceControl",
      "location" : "https://github.com/swiftlang/swift-syntax.git",
      "state" : {
        "revision" : "79e4b74a295b6eb74a8b585e3a39d29e70c1dbd1",
        "version" : "603.0.2"
      }
    },
    {
      "identity" : "swiftmath",
      "kind" : "remoteSourceControl",
      "location" : "https://github.com/WroughtMind/SwiftMath",
      "state" : {
        "revision" : "c7830ce1ee79de0c57e4eac1ed3405b1ec790898"
      }
    },
    {
      "identity" : "swiftstreamingmarkdown",
      "kind" : "remoteSourceControl",
      "location" : "https://github.com/WroughtMind/SwiftStreamingMarkdown",
      "state" : {
        "revision" : "e3b6e952a7121e95aecb5370c90459b5c800fdf1"
      }
    },
    {
      "identity" : "swiftui-shimmer",
      "kind" : "remoteSourceControl",
      "location" : "https://github.com/markiv/SwiftUI-Shimmer",
      "state" : {
        "revision" : "0226e21f9bf355d40e07e5f5e1c33679d50e167f",
        "version" : "1.5.1"
      }
    }
  ],
  "version" : 2
}
